# This file is autogenerated, do not edit; changes may be undone by the next 'dep ensure'.


[[projects]]
  digest = "1:de9b7d1f843ca2b969a50c8f82c559c727d56d236181c3e1900cdd8b21612af0"
  name = "github.com/ipipdotnet/ipdb-go"
  packages = ["."]
  pruneopts = "UT"
  revision = "1b1ca88d8d9125780fc39fdeda5cea2fc7b40459"
  version = "v1.2.0"

[[projects]]
  digest = "1:2b4b4b2e5544c2a11a486c1b631357aa2ddf766e50c1b2483cf809da2c511234"
  name = "github.com/miekg/dns"
  packages = ["."]
  pruneopts = "UT"
  revision = "73601d4aed9d844322611759d7f3619110b7c88e"
  version = "v1.1.8"

[[projects]]
  digest = "1:cf31692c14422fa27c83a05292eb5cbe0fb2775972e8f1f8446a71549bd8980b"
  name = "github.com/pkg/errors"
  packages = ["."]
  pruneopts = "UT"
  revision = "ba968bfe8b2f7e042a574c888954fccecfa385b4"
  version = "v0.8.1"

[[projects]]
  branch = "master"
  digest = "1:d5891c5bca9c62e5d394ca26491d2b710a1dc08cedeb0ca8f9ac4c3305120b02"
  name = "golang.org/x/crypto"
  packages = [
    "ed25519",
    "ed25519/internal/edwards25519",
  ]
  pruneopts = "UT"
  revision = "a29dc8fdc73485234dbef99ebedb95d2eced08de"

[[projects]]
  branch = "master"
  digest = "1:3edf03b5eb0f3a5e7a827501421974beef2d9520c5221d280b4ce011de70a5a4"
  name = "golang.org/x/net"
  packages = [
    "bpf",
    "internal/iana",
    "internal/socket",
    "ipv4",
    "ipv6",
  ]
  pruneopts = "UT"
  revision = "4829fb13d2c62012c17688fa7f629f371014946d"

[[projects]]
  branch = "master"
  digest = "1:dcd2e9de31e20e01b156288ce4fc239498564295bdbb59d8aaf591af94778162"
  name = "golang.org/x/sys"
  packages = ["unix"]
  pruneopts = "UT"
  revision = "804c0c7841b595338f049388006a3945cb3cfad1"

[solve-meta]
  analyzer-name = "dep"
  analyzer-version = 1
  input-imports = [
    "github.com/ipipdotnet/ipdb-go",
    "github.com/miekg/dns",
    "github.com/pkg/errors",
  ]
  solver-name = "gps-cdcl"
  solver-version = 1
